
Microsoft Visual Studio Solution File, Format Version 12.00
# Visual Studio Version 17
VisualStudioVersion = 17.2.32630.192
MinimumVisualStudioVersion = 10.0.40219.1
Project("{FAE04EC0-301F-11D3-BF4B-00C04F79EFBC}") = "DonutShop", "DonutShop.csproj", "{11E5086C-7255-4403-ABE0-27C7151F142F}"
EndProject
Global
	GlobalSection(SolutionConfigurationPlatforms) = preSolution
		Debug|Any CPU = Debug|Any CPU
		Release|Any CPU = Release|Any CPU
	EndGlobalSection
	GlobalSection(ProjectConfigurationPlatforms) = postSolution
		{11E5086C-7255-4403-ABE0-27C7151F142F}.Debug|Any CPU.ActiveCfg = Debug|Any CPU
		{11E5086C-7255-4403-ABE0-27C7151F142F}.Debug|Any CPU.Build.0 = Debug|Any CPU
		{11E5086C-7255-4403-ABE0-27C7151F142F}.Release|Any CPU.ActiveCfg = Release|Any CPU
		{11E5086C-7255-4403-ABE0-27C7151F142F}.Release|Any CPU.Build.0 = Release|Any CPU
	EndGlobalSection
	GlobalSection(SolutionProperties) = preSolution
		HideSolutionNode = FALSE
	EndGlobalSection
	GlobalSection(ExtensibilityGlobals) = postSolution
		SolutionGuid = {3344EA5A-C904-4DBD-98FD-6C1FCC32A591}
	EndGlobalSection
EndGlobal
